
Microsoft Visual Studio Solution File, Format Version 12.00
# Visual Studio Version 17
VisualStudioVersion = 17.6.33829.357
MinimumVisualStudioVersion = 10.0.40219.1
Project("{2150E333-8FDC-42A3-9474-1A3956D46DE8}") = "1-Core", "1-Core", "{19783244-B818-4DF2-ACBA-D45C632421E7}"
EndProject
Project("{2150E333-8FDC-42A3-9474-1A3956D46DE8}") = "2-Infrastructure", "2-Infrastructure", "{095D2C86-0896-48A8-95F5-8A438143C7D3}"
EndProject
Project("{2150E333-8FDC-42A3-9474-1A3956D46DE8}") = "3-Api", "3-Api", "{5303D7E4-18AA-4AC1-81C9-6F02E0DE181E}"
EndProject
Project("{2150E333-8FDC-42A3-9474-1A3956D46DE8}") = "4-Presentation", "4-Presentation", "{651AD15C-5688-4125-ACE3-EEA7C45A39D2}"
EndProject
Project("{FAE04EC0-301F-11D3-BF4B-00C04F79EFBC}") = "SASSTS2.Application", "Core\SASSTS2.Application\SASSTS2.Application.csproj", "{6AC5536E-AEB4-4404-A74B-CC0DBFA08DE4}"
EndProject
Project("{FAE04EC0-301F-11D3-BF4B-00C04F79EFBC}") = "SASSTS2.Domain", "Core\SASSTS.Domain\SASSTS2.Domain.csproj", "{F0A8B778-0F06-48E0-9E0D-13C7AFEAAC12}"
EndProject
Project("{FAE04EC0-301F-11D3-BF4B-00C04F79EFBC}") = "SASSTS2.Infrastructure", "Infrastructure\SASSTS2.Infrastructure\SASSTS2.Infrastructure.csproj", "{379C63F4-FBC0-472A-B9CF-97874CEAADAF}"
EndProject
Project("{FAE04EC0-301F-11D3-BF4B-00C04F79EFBC}") = "SASSTS2.Persistence", "Infrastructure\SASSTS2.Persistence\SASSTS2.Persistence.csproj", "{DE426B60-4DA3-4A2B-AEF2-7CC1992A62FC}"
EndProject
Project("{FAE04EC0-301F-11D3-BF4B-00C04F79EFBC}") = "SASSTS2.Utils", "Infrastructure\SASSTS2.Utils\SASSTS2.Utils.csproj", "{0A0305FF-4C99-4797-AD20-134546436C82}"
EndProject
Project("{FAE04EC0-301F-11D3-BF4B-00C04F79EFBC}") = "SASSTS2.Api", "Api\SASSTS2.Api\SASSTS2.Api.csproj", "{519D8C0F-D00E-424D-A23B-480829701DEC}"
EndProject
Project("{FAE04EC0-301F-11D3-BF4B-00C04F79EFBC}") = "SASSTS2.UI", "Presentation\SASSTS2.UI\SASSTS2.UI.csproj", "{2878917A-8D1B-4D16-A25C-DAB0A57703E5}"
EndProject
Global
	GlobalSection(SolutionConfigurationPlatforms) = preSolution
		Debug|Any CPU = Debug|Any CPU
		Release|Any CPU = Release|Any CPU
	EndGlobalSection
	GlobalSection(ProjectConfigurationPlatforms) = postSolution
		{6AC5536E-AEB4-4404-A74B-CC0DBFA08DE4}.Debug|Any CPU.ActiveCfg = Debug|Any CPU
		{6AC5536E-AEB4-4404-A74B-CC0DBFA08DE4}.Debug|Any CPU.Build.0 = Debug|Any CPU
		{6AC5536E-AEB4-4404-A74B-CC0DBFA08DE4}.Release|Any CPU.ActiveCfg = Release|Any CPU
		{6AC5536E-AEB4-4404-A74B-CC0DBFA08DE4}.Release|Any CPU.Build.0 = Release|Any CPU
		{F0A8B778-0F06-48E0-9E0D-13C7AFEAAC12}.Debug|Any CPU.ActiveCfg = Debug|Any CPU
		{F0A8B778-0F06-48E0-9E0D-13C7AFEAAC12}.Debug|Any CPU.Build.0 = Debug|Any CPU
		{F0A8B778-0F06-48E0-9E0D-13C7AFEAAC12}.Release|Any CPU.ActiveCfg = Release|Any CPU
		{F0A8B778-0F06-48E0-9E0D-13C7AFEAAC12}.Release|Any CPU.Build.0 = Release|Any CPU
		{379C63F4-FBC0-472A-B9CF-97874CEAADAF}.Debug|Any CPU.ActiveCfg = Debug|Any CPU
		{379C63F4-FBC0-472A-B9CF-97874CEAADAF}.Debug|Any CPU.Build.0 = Debug|Any CPU
		{379C63F4-FBC0-472A-B9CF-97874CEAADAF}.Release|Any CPU.ActiveCfg = Release|Any CPU
		{379C63F4-FBC0-472A-B9CF-97874CEAADAF}.Release|Any CPU.Build.0 = Release|Any CPU
		{DE426B60-4DA3-4A2B-AEF2-7CC1992A62FC}.Debug|Any CPU.ActiveCfg = Debug|Any CPU
		{DE426B60-4DA3-4A2B-AEF2-7CC1992A62FC}.Debug|Any CPU.Build.0 = Debug|Any CPU
		{DE426B60-4DA3-4A2B-AEF2-7CC1992A62FC}.Release|Any CPU.ActiveCfg = Release|Any CPU
		{DE426B60-4DA3-4A2B-AEF2-7CC1992A62FC}.Release|Any CPU.Build.0 = Release|Any CPU
		{0A0305FF-4C99-4797-AD20-134546436C82}.Debug|Any CPU.ActiveCfg = Debug|Any CPU
		{0A0305FF-4C99-4797-AD20-134546436C82}.Debug|Any CPU.Build.0 = Debug|Any CPU
		{0A0305FF-4C99-4797-AD20-134546436C82}.Release|Any CPU.ActiveCfg = Release|Any CPU
		{0A0305FF-4C99-4797-AD20-134546436C82}.Release|Any CPU.Build.0 = Release|Any CPU
		{519D8C0F-D00E-424D-A23B-480829701DEC}.Debug|Any CPU.ActiveCfg = Debug|Any CPU
		{519D8C0F-D00E-424D-A23B-480829701DEC}.Debug|Any CPU.Build.0 = Debug|Any CPU
		{519D8C0F-D00E-424D-A23B-480829701DEC}.Release|Any CPU.ActiveCfg = Release|Any CPU
		{519D8C0F-D00E-424D-A23B-480829701DEC}.Release|Any CPU.Build.0 = Release|Any CPU
		{2878917A-8D1B-4D16-A25C-DAB0A57703E5}.Debug|Any CPU.ActiveCfg = Debug|Any CPU
		{2878917A-8D1B-4D16-A25C-DAB0A57703E5}.Debug|Any CPU.Build.0 = Debug|Any CPU
		{2878917A-8D1B-4D16-A25C-DAB0A57703E5}.Release|Any CPU.ActiveCfg = Release|Any CPU
		{2878917A-8D1B-4D16-A25C-DAB0A57703E5}.Release|Any CPU.Build.0 = Release|Any CPU
	EndGlobalSection
	GlobalSection(SolutionProperties) = preSolution
		HideSolutionNode = FALSE
	EndGlobalSection
	GlobalSection(NestedProjects) = preSolution
		{6AC5536E-AEB4-4404-A74B-CC0DBFA08DE4} = {19783244-B818-4DF2-ACBA-D45C632421E7}
		{F0A8B778-0F06-48E0-9E0D-13C7AFEAAC12} = {19783244-B818-4DF2-ACBA-D45C632421E7}
		{379C63F4-FBC0-472A-B9CF-97874CEAADAF} = {095D2C86-0896-48A8-95F5-8A438143C7D3}
		{DE426B60-4DA3-4A2B-AEF2-7CC1992A62FC} = {095D2C86-0896-48A8-95F5-8A438143C7D3}
		{0A0305FF-4C99-4797-AD20-134546436C82} = {095D2C86-0896-48A8-95F5-8A438143C7D3}
		{519D8C0F-D00E-424D-A23B-480829701DEC} = {5303D7E4-18AA-4AC1-81C9-6F02E0DE181E}
		{2878917A-8D1B-4D16-A25C-DAB0A57703E5} = {651AD15C-5688-4125-ACE3-EEA7C45A39D2}
	EndGlobalSection
	GlobalSection(ExtensibilityGlobals) = postSolution
		SolutionGuid = {CED3958B-7327-4569-8295-E9D7B8F4DFC5}
	EndGlobalSection
EndGlobal
